
Microsoft Visual Studio Solution File, Format Version 12.00
# Visual Studio Version 17
VisualStudioVersion = 17.13.36105.23 d17.13
MinimumVisualStudioVersion = 10.0.40219.1
Project("{FAE04EC0-301F-11D3-BF4B-00C04F79EFBC}") = "RabbitMQ-HttpApi", "RabbitMQ-HttpApi\RabbitMQ-HttpApi.csproj", "{DD7A2014-E0A1-4AC4-A09E-7C17C5459039}"
EndProject
Global
	GlobalSection(SolutionConfigurationPlatforms) = preSolution
		Debug|Any CPU = Debug|Any CPU
		Release|Any CPU = Release|Any CPU
	EndGlobalSection
	GlobalSection(ProjectConfigurationPlatforms) = postSolution
		{DD7A2014-E0A1-4AC4-A09E-7C17C5459039}.Debug|Any CPU.ActiveCfg = Debug|Any CPU
		{DD7A2014-E0A1-4AC4-A09E-7C17C5459039}.Debug|Any CPU.Build.0 = Debug|Any CPU
		{DD7A2014-E0A1-4AC4-A09E-7C17C5459039}.Release|Any CPU.ActiveCfg = Release|Any CPU
		{DD7A2014-E0A1-4AC4-A09E-7C17C5459039}.Release|Any CPU.Build.0 = Release|Any CPU
	EndGlobalSection
	GlobalSection(SolutionProperties) = preSolution
		HideSolutionNode = FALSE
	EndGlobalSection
	GlobalSection(ExtensibilityGlobals) = postSolution
		SolutionGuid = {A007779D-9455-4737-A68D-03D9A18E019A}
	EndGlobalSection
EndGlobal
